
Microsoft Visual Studio Solution File, Format Version 12.00
# Visual Studio Version 16
VisualStudioVersion = 16.0.30320.27
MinimumVisualStudioVersion = 10.0.40219.1
Project("{9A19103F-16F7-4668-BE54-9A1E7A4F7556}") = "Sum Matrix Elements", "Sum Matrix Elements\Sum Matrix Elements.csproj", "{713A8502-B85A-414F-B63D-A2287CFDC673}"
EndProject
Project("{9A19103F-16F7-4668-BE54-9A1E7A4F7556}") = "UsefulMatrixMethods", "UsefulMatrixMethods\UsefulMatrixMethods.csproj", "{74C1424F-EB0B-44BA-8BD2-69E6BAB0B437}"
EndProject
Project("{9A19103F-16F7-4668-BE54-9A1E7A4F7556}") = "SumOFCols", "SumOFCols\SumOFCols.csproj", "{EF5F39A4-162F-4688-B12B-DFCEE61AFD48}"
EndProject
Project("{9A19103F-16F7-4668-BE54-9A1E7A4F7556}") = "Primary Diagonal", "Primary Diagonal\Primary Diagonal.csproj", "{0A5700A2-9341-4CED-A79F-805A1D294DF8}"
EndProject
Project("{9A19103F-16F7-4668-BE54-9A1E7A4F7556}") = "Symbol in MatrixCordinates", "Symbol in Matrix\Symbol in MatrixCordinates.csproj", "{08E5B89E-49A8-42E1-AEB7-776871B7A434}"
EndProject
Project("{9A19103F-16F7-4668-BE54-9A1E7A4F7556}") = "Jagged-Array Modification", "Jagged-Array Modification\Jagged-Array Modification.csproj", "{6C5401B0-7EE8-419A-AE58-5D487DD6851A}"
EndProject
Project("{9A19103F-16F7-4668-BE54-9A1E7A4F7556}") = "Diagonal Difference", "Diagonal Difference\Diagonal Difference.csproj", "{D49DA031-768B-4E0B-A960-5AA73A03B7AA}"
EndProject
Project("{9A19103F-16F7-4668-BE54-9A1E7A4F7556}") = "Squares in Matrix", "Squares in Matrix\Squares in Matrix.csproj", "{A23735F2-B189-4401-AE30-E283C4462417}"
EndProject
Project("{9A19103F-16F7-4668-BE54-9A1E7A4F7556}") = "Matrix Shuffling", "Matrix Shuffling\Matrix Shuffling.csproj", "{6A906221-BEB4-417E-B1F1-93EDE31AFAC4}"
EndProject
Project("{9A19103F-16F7-4668-BE54-9A1E7A4F7556}") = "Jagged Array Manipulator", "Jagged Array Manipulator\Jagged Array Manipulator.csproj", "{D1B5D4B0-63BC-4899-A167-FDA1051C6CB1}"
EndProject
Project("{9A19103F-16F7-4668-BE54-9A1E7A4F7556}") = "Knight Game", "Knight Game\Knight Game.csproj", "{D19AD4E5-1BAC-4D6C-8C81-9DD2A411FB7C}"
EndProject
Project("{9A19103F-16F7-4668-BE54-9A1E7A4F7556}") = "Radioactive Mutant Vampire Bunnies", "Radioactive Mutant Vampire Bunnies\Radioactive Mutant Vampire Bunnies.csproj", "{EE02382C-5DB0-4795-9817-B8ECBA002568}"
EndProject
Project("{9A19103F-16F7-4668-BE54-9A1E7A4F7556}") = "Snake Moves", "Snake Moves\Snake Moves.csproj", "{82E958E8-6AC6-4731-9731-F0541E80C236}"
EndProject
Project("{9A19103F-16F7-4668-BE54-9A1E7A4F7556}") = "Maximal Sum 3x3Matrix", "Maximal Sum 3x3Matrix\Maximal Sum 3x3Matrix.csproj", "{15869F07-2FA5-4E9C-B7E6-2BC97F5C81F9}"
EndProject
Project("{9A19103F-16F7-4668-BE54-9A1E7A4F7556}") = "Bee-ExamPrep", "Bee-ExamPrep\Bee-ExamPrep.csproj", "{A2F00240-0E0F-414A-A58B-A3C3C1955346}"
EndProject
Project("{9A19103F-16F7-4668-BE54-9A1E7A4F7556}") = "Snake-ExamPrep", "Snake-ExamPrep\Snake-ExamPrep.csproj", "{F274E341-95FF-46F0-97D7-DC6E5DC97966}"
EndProject
Project("{9A19103F-16F7-4668-BE54-9A1E7A4F7556}") = "Re-Volt-ExamPrep", "Re-Volt-ExamPrep\Re-Volt-ExamPrep.csproj", "{0EDDBC79-B011-41AB-ACF3-007EB3E76A8B}"
EndProject
Project("{9A19103F-16F7-4668-BE54-9A1E7A4F7556}") = "PresentDelivery-ExamPrep", "Present Delivery\PresentDelivery-ExamPrep.csproj", "{A87AD0B2-8AB8-405B-9008-F93767E3CD03}"
EndProject
Project("{9A19103F-16F7-4668-BE54-9A1E7A4F7556}") = "Book Worm", "Book Worm\Book Worm.csproj", "{E27BAAEA-58C6-4862-AA2C-51F1DFA2C12B}"
EndProject
Project("{FAE04EC0-301F-11D3-BF4B-00C04F79EFBC}") = "Tron Racers", "Tron Racers\Tron Racers.csproj", "{FEFAAD14-6C6A-4EE2-BDD9-4ED03D8E51C3}"
EndProject
Global
	GlobalSection(SolutionConfigurationPlatforms) = preSolution
		Debug|Any CPU = Debug|Any CPU
		Release|Any CPU = Release|Any CPU
	EndGlobalSection
	GlobalSection(ProjectConfigurationPlatforms) = postSolution
		{713A8502-B85A-414F-B63D-A2287CFDC673}.Debug|Any CPU.ActiveCfg = Debug|Any CPU
		{713A8502-B85A-414F-B63D-A2287CFDC673}.Debug|Any CPU.Build.0 = Debug|Any CPU
		{713A8502-B85A-414F-B63D-A2287CFDC673}.Release|Any CPU.ActiveCfg = Release|Any CPU
		{713A8502-B85A-414F-B63D-A2287CFDC673}.Release|Any CPU.Build.0 = Release|Any CPU
		{74C1424F-EB0B-44BA-8BD2-69E6BAB0B437}.Debug|Any CPU.ActiveCfg = Debug|Any CPU
		{74C1424F-EB0B-44BA-8BD2-69E6BAB0B437}.Debug|Any CPU.Build.0 = Debug|Any CPU
		{74C1424F-EB0B-44BA-8BD2-69E6BAB0B437}.Release|Any CPU.ActiveCfg = Release|Any CPU
		{74C1424F-EB0B-44BA-8BD2-69E6BAB0B437}.Release|Any CPU.Build.0 = Release|Any CPU
		{EF5F39A4-162F-4688-B12B-DFCEE61AFD48}.Debug|Any CPU.ActiveCfg = Debug|Any CPU
		{EF5F39A4-162F-4688-B12B-DFCEE61AFD48}.Debug|Any CPU.Build.0 = Debug|Any CPU
		{EF5F39A4-162F-4688-B12B-DFCEE61AFD48}.Release|Any CPU.ActiveCfg = Release|Any CPU
		{EF5F39A4-162F-4688-B12B-DFCEE61AFD48}.Release|Any CPU.Build.0 = Release|Any CPU
		{0A5700A2-9341-4CED-A79F-805A1D294DF8}.Debug|Any CPU.ActiveCfg = Debug|Any CPU
		{0A5700A2-9341-4CED-A79F-805A1D294DF8}.Debug|Any CPU.Build.0 = Debug|Any CPU
		{0A5700A2-9341-4CED-A79F-805A1D294DF8}.Release|Any CPU.ActiveCfg = Release|Any CPU
		{0A5700A2-9341-4CED-A79F-805A1D294DF8}.Release|Any CPU.Build.0 = Release|Any CPU
		{08E5B89E-49A8-42E1-AEB7-776871B7A434}.Debug|Any CPU.ActiveCfg = Debug|Any CPU
		{08E5B89E-49A8-42E1-AEB7-776871B7A434}.Debug|Any CPU.Build.0 = Debug|Any CPU
		{08E5B89E-49A8-42E1-AEB7-776871B7A434}.Release|Any CPU.ActiveCfg = Release|Any CPU
		{08E5B89E-49A8-42E1-AEB7-776871B7A434}.Release|Any CPU.Build.0 = Release|Any CPU
		{6C5401B0-7EE8-419A-AE58-5D487DD6851A}.Debug|Any CPU.ActiveCfg = Debug|Any CPU
		{6C5401B0-7EE8-419A-AE58-5D487DD6851A}.Debug|Any CPU.Build.0 = Debug|Any CPU
		{6C5401B0-7EE8-419A-AE58-5D487DD6851A}.Release|Any CPU.ActiveCfg = Release|Any CPU
		{6C5401B0-7EE8-419A-AE58-5D487DD6851A}.Release|Any CPU.Build.0 = Release|Any CPU
		{D49DA031-768B-4E0B-A960-5AA73A03B7AA}.Debug|Any CPU.ActiveCfg = Debug|Any CPU
		{D49DA031-768B-4E0B-A960-5AA73A03B7AA}.Debug|Any CPU.Build.0 = Debug|Any CPU
		{D49DA031-768B-4E0B-A960-5AA73A03B7AA}.Release|Any CPU.ActiveCfg = Release|Any CPU
		{D49DA031-768B-4E0B-A960-5AA73A03B7AA}.Release|Any CPU.Build.0 = Release|Any CPU
		{A23735F2-B189-4401-AE30-E283C4462417}.Debug|Any CPU.ActiveCfg = Debug|Any CPU
		{A23735F2-B189-4401-AE30-E283C4462417}.Debug|Any CPU.Build.0 = Debug|Any CPU
		{A23735F2-B189-4401-AE30-E283C4462417}.Release|Any CPU.ActiveCfg = Release|Any CPU
		{A23735F2-B189-4401-AE30-E283C4462417}.Release|Any CPU.Build.0 = Release|Any CPU
		{6A906221-BEB4-417E-B1F1-93EDE31AFAC4}.Debug|Any CPU.ActiveCfg = Debug|Any CPU
		{6A906221-BEB4-417E-B1F1-93EDE31AFAC4}.Debug|Any CPU.Build.0 = Debug|Any CPU
		{6A906221-BEB4-417E-B1F1-93EDE31AFAC4}.Release|Any CPU.ActiveCfg = Release|Any CPU
		{6A906221-BEB4-417E-B1F1-93EDE31AFAC4}.Release|Any CPU.Build.0 = Release|Any CPU
		{D1B5D4B0-63BC-4899-A167-FDA1051C6CB1}.Debug|Any CPU.ActiveCfg = Debug|Any CPU
		{D1B5D4B0-63BC-4899-A167-FDA1051C6CB1}.Debug|Any CPU.Build.0 = Debug|Any CPU
		{D1B5D4B0-63BC-4899-A167-FDA1051C6CB1}.Release|Any CPU.ActiveCfg = Release|Any CPU
		{D1B5D4B0-63BC-4899-A167-FDA1051C6CB1}.Release|Any CPU.Build.0 = Release|Any CPU
		{D19AD4E5-1BAC-4D6C-8C81-9DD2A411FB7C}.Debug|Any CPU.ActiveCfg = Debug|Any CPU
		{D19AD4E5-1BAC-4D6C-8C81-9DD2A411FB7C}.Debug|Any CPU.Build.0 = Debug|Any CPU
		{D19AD4E5-1BAC-4D6C-8C81-9DD2A411FB7C}.Release|Any CPU.ActiveCfg = Release|Any CPU
		{D19AD4E5-1BAC-4D6C-8C81-9DD2A411FB7C}.Release|Any CPU.Build.0 = Release|Any CPU
		{EE02382C-5DB0-4795-9817-B8ECBA002568}.Debug|Any CPU.ActiveCfg = Debug|Any CPU
		{EE02382C-5DB0-4795-9817-B8ECBA002568}.Debug|Any CPU.Build.0 = Debug|Any CPU
		{EE02382C-5DB0-4795-9817-B8ECBA002568}.Release|Any CPU.ActiveCfg = Release|Any CPU
		{EE02382C-5DB0-4795-9817-B8ECBA002568}.Release|Any CPU.Build.0 = Release|Any CPU
		{82E958E8-6AC6-4731-9731-F0541E80C236}.Debug|Any CPU.ActiveCfg = Debug|Any CPU
		{82E958E8-6AC6-4731-9731-F0541E80C236}.Debug|Any CPU.Build.0 = Debug|Any CPU
		{82E958E8-6AC6-4731-9731-F0541E80C236}.Release|Any CPU.ActiveCfg = Release|Any CPU
		{82E958E8-6AC6-4731-9731-F0541E80C236}.Release|Any CPU.Build.0 = Release|Any CPU
		{15869F07-2FA5-4E9C-B7E6-2BC97F5C81F9}.Debug|Any CPU.ActiveCfg = Debug|Any CPU
		{15869F07-2FA5-4E9C-B7E6-2BC97F5C81F9}.Debug|Any CPU.Build.0 = Debug|Any CPU
		{15869F07-2FA5-4E9C-B7E6-2BC97F5C81F9}.Release|Any CPU.ActiveCfg = Release|Any CPU
		{15869F07-2FA5-4E9C-B7E6-2BC97F5C81F9}.Release|Any CPU.Build.0 = Release|Any CPU
		{A2F00240-0E0F-414A-A58B-A3C3C1955346}.Debug|Any CPU.ActiveCfg = Debug|Any CPU
		{A2F00240-0E0F-414A-A58B-A3C3C1955346}.Debug|Any CPU.Build.0 = Debug|Any CPU
		{A2F00240-0E0F-414A-A58B-A3C3C1955346}.Release|Any CPU.ActiveCfg = Release|Any CPU
		{A2F00240-0E0F-414A-A58B-A3C3C1955346}.Release|Any CPU.Build.0 = Release|Any CPU
		{F274E341-95FF-46F0-97D7-DC6E5DC97966}.Debug|Any CPU.ActiveCfg = Debug|Any CPU
		{F274E341-95FF-46F0-97D7-DC6E5DC97966}.Debug|Any CPU.Build.0 = Debug|Any CPU
		{F274E341-95FF-46F0-97D7-DC6E5DC97966}.Release|Any CPU.ActiveCfg = Release|Any CPU
		{F274E341-95FF-46F0-97D7-DC6E5DC97966}.Release|Any CPU.Build.0 = Release|Any CPU
		{0EDDBC79-B011-41AB-ACF3-007EB3E76A8B}.Debug|Any CPU.ActiveCfg = Debug|Any CPU
		{0EDDBC79-B011-41AB-ACF3-007EB3E76A8B}.Debug|Any CPU.Build.0 = Debug|Any CPU
		{0EDDBC79-B011-41AB-ACF3-007EB3E76A8B}.Release|Any CPU.ActiveCfg = Release|Any CPU
		{0EDDBC79-B011-41AB-ACF3-007EB3E76A8B}.Release|Any CPU.Build.0 = Release|Any CPU
		{A87AD0B2-8AB8-405B-9008-F93767E3CD03}.Debug|Any CPU.ActiveCfg = Debug|Any CPU
		{A87AD0B2-8AB8-405B-9008-F93767E3CD03}.Debug|Any CPU.Build.0 = Debug|Any CPU
		{A87AD0B2-8AB8-405B-9008-F93767E3CD03}.Release|Any CPU.ActiveCfg = Release|Any CPU
		{A87AD0B2-8AB8-405B-9008-F93767E3CD03}.Release|Any CPU.Build.0 = Release|Any CPU
		{E27BAAEA-58C6-4862-AA2C-51F1DFA2C12B}.Debug|Any CPU.ActiveCfg = Debug|Any CPU
		{E27BAAEA-58C6-4862-AA2C-51F1DFA2C12B}.Debug|Any CPU.Build.0 = Debug|Any CPU
		{E27BAAEA-58C6-4862-AA2C-51F1DFA2C12B}.Release|Any CPU.ActiveCfg = Release|Any CPU
		{E27BAAEA-58C6-4862-AA2C-51F1DFA2C12B}.Release|Any CPU.Build.0 = Release|Any CPU
		{FEFAAD14-6C6A-4EE2-BDD9-4ED03D8E51C3}.Debug|Any CPU.ActiveCfg = Debug|Any CPU
		{FEFAAD14-6C6A-4EE2-BDD9-4ED03D8E51C3}.Debug|Any CPU.Build.0 = Debug|Any CPU
		{FEFAAD14-6C6A-4EE2-BDD9-4ED03D8E51C3}.Release|Any CPU.ActiveCfg = Release|Any CPU
		{FEFAAD14-6C6A-4EE2-BDD9-4ED03D8E51C3}.Release|Any CPU.Build.0 = Release|Any CPU
	EndGlobalSection
	GlobalSection(SolutionProperties) = preSolution
		HideSolutionNode = FALSE
	EndGlobalSection
	GlobalSection(ExtensibilityGlobals) = postSolution
		SolutionGuid = {B8D07398-EE17-4893-8FAC-11DE3C415644}
	EndGlobalSection
EndGlobal
